
Microsoft Visual Studio Solution File, Format Version 12.00
# Visual Studio Version 16
VisualStudioVersion = 16.0.30517.126
MinimumVisualStudioVersion = 10.0.40219.1
Project("{FAE04EC0-301F-11D3-BF4B-00C04F79EFBC}") = "FactoryPattern", "FactoryPattern\FactoryPattern.csproj", "{C02E3036-F282-48B3-AC3B-A5BB7C976910}"
EndProject
Project("{FAE04EC0-301F-11D3-BF4B-00C04F79EFBC}") = "BuilderExercise", "BuilderExercise\BuilderExercise.csproj", "{1BF3F986-C8A9-44F9-AE63-C0AD18E6B680}"
EndProject
Project("{FAE04EC0-301F-11D3-BF4B-00C04F79EFBC}") = "PrototypePattern", "PrototypePattern\PrototypePattern.csproj", "{356224AF-4693-460A-A039-B95D989032BD}"
EndProject
Project("{FAE04EC0-301F-11D3-BF4B-00C04F79EFBC}") = "SingletonPattern", "SingletonPattern\SingletonPattern.csproj", "{70D79609-DCF8-4C1C-B948-0139308AE2FB}"
EndProject
Project("{FAE04EC0-301F-11D3-BF4B-00C04F79EFBC}") = "AdapterPattern", "AdapterPattern\AdapterPattern.csproj", "{4069E178-54F6-470C-BFDC-D11F9AC6415E}"
EndProject
Project("{FAE04EC0-301F-11D3-BF4B-00C04F79EFBC}") = "BridgePattern", "BridgePattern\BridgePattern.csproj", "{E4DD1D06-7C71-47E7-93F9-1CD4451355A0}"
EndProject
Global
	GlobalSection(SolutionConfigurationPlatforms) = preSolution
		Debug|Any CPU = Debug|Any CPU
		Release|Any CPU = Release|Any CPU
	EndGlobalSection
	GlobalSection(ProjectConfigurationPlatforms) = postSolution
		{C02E3036-F282-48B3-AC3B-A5BB7C976910}.Debug|Any CPU.ActiveCfg = Debug|Any CPU
		{C02E3036-F282-48B3-AC3B-A5BB7C976910}.Debug|Any CPU.Build.0 = Debug|Any CPU
		{C02E3036-F282-48B3-AC3B-A5BB7C976910}.Release|Any CPU.ActiveCfg = Release|Any CPU
		{C02E3036-F282-48B3-AC3B-A5BB7C976910}.Release|Any CPU.Build.0 = Release|Any CPU
		{1BF3F986-C8A9-44F9-AE63-C0AD18E6B680}.Debug|Any CPU.ActiveCfg = Debug|Any CPU
		{1BF3F986-C8A9-44F9-AE63-C0AD18E6B680}.Debug|Any CPU.Build.0 = Debug|Any CPU
		{1BF3F986-C8A9-44F9-AE63-C0AD18E6B680}.Release|Any CPU.ActiveCfg = Release|Any CPU
		{1BF3F986-C8A9-44F9-AE63-C0AD18E6B680}.Release|Any CPU.Build.0 = Release|Any CPU
		{356224AF-4693-460A-A039-B95D989032BD}.Debug|Any CPU.ActiveCfg = Debug|Any CPU
		{356224AF-4693-460A-A039-B95D989032BD}.Debug|Any CPU.Build.0 = Debug|Any CPU
		{356224AF-4693-460A-A039-B95D989032BD}.Release|Any CPU.ActiveCfg = Release|Any CPU
		{356224AF-4693-460A-A039-B95D989032BD}.Release|Any CPU.Build.0 = Release|Any CPU
		{70D79609-DCF8-4C1C-B948-0139308AE2FB}.Debug|Any CPU.ActiveCfg = Debug|Any CPU
		{70D79609-DCF8-4C1C-B948-0139308AE2FB}.Debug|Any CPU.Build.0 = Debug|Any CPU
		{70D79609-DCF8-4C1C-B948-0139308AE2FB}.Release|Any CPU.ActiveCfg = Release|Any CPU
		{70D79609-DCF8-4C1C-B948-0139308AE2FB}.Release|Any CPU.Build.0 = Release|Any CPU
		{4069E178-54F6-470C-BFDC-D11F9AC6415E}.Debug|Any CPU.ActiveCfg = Debug|Any CPU
		{4069E178-54F6-470C-BFDC-D11F9AC6415E}.Debug|Any CPU.Build.0 = Debug|Any CPU
		{4069E178-54F6-470C-BFDC-D11F9AC6415E}.Release|Any CPU.ActiveCfg = Release|Any CPU
		{4069E178-54F6-470C-BFDC-D11F9AC6415E}.Release|Any CPU.Build.0 = Release|Any CPU
		{E4DD1D06-7C71-47E7-93F9-1CD4451355A0}.Debug|Any CPU.ActiveCfg = Debug|Any CPU
		{E4DD1D06-7C71-47E7-93F9-1CD4451355A0}.Debug|Any CPU.Build.0 = Debug|Any CPU
		{E4DD1D06-7C71-47E7-93F9-1CD4451355A0}.Release|Any CPU.ActiveCfg = Release|Any CPU
		{E4DD1D06-7C71-47E7-93F9-1CD4451355A0}.Release|Any CPU.Build.0 = Release|Any CPU
	EndGlobalSection
	GlobalSection(SolutionProperties) = preSolution
		HideSolutionNode = FALSE
	EndGlobalSection
	GlobalSection(ExtensibilityGlobals) = postSolution
		SolutionGuid = {377F072B-C43C-44EC-B772-ABBA5D96A9BE}
	EndGlobalSection
EndGlobal
