
Microsoft Visual Studio Solution File, Format Version 12.00
# Visual Studio Version 16
VisualStudioVersion = 16.0.30517.126
MinimumVisualStudioVersion = 10.0.40219.1
Project("{FAE04EC0-301F-11D3-BF4B-00C04F79EFBC}") = "FactoryPattern", "FactoryPattern\FactoryPattern.csproj", "{C02E3036-F282-48B3-AC3B-A5BB7C976910}"
EndProject
Project("{FAE04EC0-301F-11D3-BF4B-00C04F79EFBC}") = "BuilderExercise", "BuilderExercise\BuilderExercise.csproj", "{1BF3F986-C8A9-44F9-AE63-C0AD18E6B680}"
EndProject
Project("{FAE04EC0-301F-11D3-BF4B-00C04F79EFBC}") = "PrototypePattern", "PrototypePattern\PrototypePattern.csproj", "{356224AF-4693-460A-A039-B95D989032BD}"
EndProject
Project("{FAE04EC0-301F-11D3-BF4B-00C04F79EFBC}") = "SingletonPattern", "SingletonPattern\SingletonPattern.csproj", "{70D79609-DCF8-4C1C-B948-0139308AE2FB}"
EndProject
Project("{FAE04EC0-301F-11D3-BF4B-00C04F79EFBC}") = "AdapterPattern", "AdapterPattern\AdapterPattern.csproj", "{4069E178-54F6-470C-BFDC-D11F9AC6415E}"
EndProject
Project("{FAE04EC0-301F-11D3-BF4B-00C04F79EFBC}") = "BridgePattern", "BridgePattern\BridgePattern.csproj", "{E4DD1D06-7C71-47E7-93F9-1CD4451355A0}"
EndProject
Project("{FAE04EC0-301F-11D3-BF4B-00C04F79EFBC}") = "CompositePattern", "CompositePattern\CompositePattern.csproj", "{2F697AB3-7488-452A-92DA-820AD8A41B58}"
EndProject
Project("{FAE04EC0-301F-11D3-BF4B-00C04F79EFBC}") = "DecoratorPattern", "DecoratorPattern\DecoratorPattern.csproj", "{90439B18-2162-4BAA-950B-7C3B141D19B2}"
EndProject
Project("{FAE04EC0-301F-11D3-BF4B-00C04F79EFBC}") = "FacadePattern", "FacadePattern\FacadePattern.csproj", "{5B7C8D16-400D-474F-9F19-9F713F24D3BD}"
EndProject
Project("{FAE04EC0-301F-11D3-BF4B-00C04F79EFBC}") = "FlyweightPattern", "FlyweightPattern\FlyweightPattern.csproj", "{5DCED509-3B7F-4735-AC17-8D3AEF94DEFF}"
EndProject
Project("{FAE04EC0-301F-11D3-BF4B-00C04F79EFBC}") = "ProxyPattern", "ProxyPattern\ProxyPattern.csproj", "{167F2A77-D0A7-4CEC-AA91-C52383E1514F}"
EndProject
Project("{FAE04EC0-301F-11D3-BF4B-00C04F79EFBC}") = "ChainOfResponsibility", "ChainOfResponsibility\ChainOfResponsibility.csproj", "{85569F85-A214-4308-A225-74E943CC65EC}"
EndProject
Project("{FAE04EC0-301F-11D3-BF4B-00C04F79EFBC}") = "CommandPattern", "CommandPattern\CommandPattern.csproj", "{7D7A01AD-C9F0-413D-A9C9-C5CE0E50BF41}"
EndProject
Project("{FAE04EC0-301F-11D3-BF4B-00C04F79EFBC}") = "InterpreterPattern", "InterpreterPattern\InterpreterPattern.csproj", "{B48EF191-B8D4-4AA7-88D9-34A96D684454}"
EndProject
Project("{FAE04EC0-301F-11D3-BF4B-00C04F79EFBC}") = "IteratorPattern", "IteratorPattern\IteratorPattern.csproj", "{6CA1A449-C9AF-483A-81F4-428CD7674281}"
EndProject
Project("{FAE04EC0-301F-11D3-BF4B-00C04F79EFBC}") = "MediatorPattern", "MediatorPattern\MediatorPattern.csproj", "{414A0939-6A47-417D-BDF6-EAA5BD0A14DA}"
EndProject
Project("{FAE04EC0-301F-11D3-BF4B-00C04F79EFBC}") = "MementoPatterns", "MementoPatterns\MementoPatterns.csproj", "{312CD3B7-AF0C-4A8C-9ADA-90A91FAA295E}"
EndProject
Global
	GlobalSection(SolutionConfigurationPlatforms) = preSolution
		Debug|Any CPU = Debug|Any CPU
		Release|Any CPU = Release|Any CPU
	EndGlobalSection
	GlobalSection(ProjectConfigurationPlatforms) = postSolution
		{C02E3036-F282-48B3-AC3B-A5BB7C976910}.Debug|Any CPU.ActiveCfg = Debug|Any CPU
		{C02E3036-F282-48B3-AC3B-A5BB7C976910}.Debug|Any CPU.Build.0 = Debug|Any CPU
		{C02E3036-F282-48B3-AC3B-A5BB7C976910}.Release|Any CPU.ActiveCfg = Release|Any CPU
		{C02E3036-F282-48B3-AC3B-A5BB7C976910}.Release|Any CPU.Build.0 = Release|Any CPU
		{1BF3F986-C8A9-44F9-AE63-C0AD18E6B680}.Debug|Any CPU.ActiveCfg = Debug|Any CPU
		{1BF3F986-C8A9-44F9-AE63-C0AD18E6B680}.Debug|Any CPU.Build.0 = Debug|Any CPU
		{1BF3F986-C8A9-44F9-AE63-C0AD18E6B680}.Release|Any CPU.ActiveCfg = Release|Any CPU
		{1BF3F986-C8A9-44F9-AE63-C0AD18E6B680}.Release|Any CPU.Build.0 = Release|Any CPU
		{356224AF-4693-460A-A039-B95D989032BD}.Debug|Any CPU.ActiveCfg = Debug|Any CPU
		{356224AF-4693-460A-A039-B95D989032BD}.Debug|Any CPU.Build.0 = Debug|Any CPU
		{356224AF-4693-460A-A039-B95D989032BD}.Release|Any CPU.ActiveCfg = Release|Any CPU
		{356224AF-4693-460A-A039-B95D989032BD}.Release|Any CPU.Build.0 = Release|Any CPU
		{70D79609-DCF8-4C1C-B948-0139308AE2FB}.Debug|Any CPU.ActiveCfg = Debug|Any CPU
		{70D79609-DCF8-4C1C-B948-0139308AE2FB}.Debug|Any CPU.Build.0 = Debug|Any CPU
		{70D79609-DCF8-4C1C-B948-0139308AE2FB}.Release|Any CPU.ActiveCfg = Release|Any CPU
		{70D79609-DCF8-4C1C-B948-0139308AE2FB}.Release|Any CPU.Build.0 = Release|Any CPU
		{4069E178-54F6-470C-BFDC-D11F9AC6415E}.Debug|Any CPU.ActiveCfg = Debug|Any CPU
		{4069E178-54F6-470C-BFDC-D11F9AC6415E}.Debug|Any CPU.Build.0 = Debug|Any CPU
		{4069E178-54F6-470C-BFDC-D11F9AC6415E}.Release|Any CPU.ActiveCfg = Release|Any CPU
		{4069E178-54F6-470C-BFDC-D11F9AC6415E}.Release|Any CPU.Build.0 = Release|Any CPU
		{E4DD1D06-7C71-47E7-93F9-1CD4451355A0}.Debug|Any CPU.ActiveCfg = Debug|Any CPU
		{E4DD1D06-7C71-47E7-93F9-1CD4451355A0}.Debug|Any CPU.Build.0 = Debug|Any CPU
		{E4DD1D06-7C71-47E7-93F9-1CD4451355A0}.Release|Any CPU.ActiveCfg = Release|Any CPU
		{E4DD1D06-7C71-47E7-93F9-1CD4451355A0}.Release|Any CPU.Build.0 = Release|Any CPU
		{2F697AB3-7488-452A-92DA-820AD8A41B58}.Debug|Any CPU.ActiveCfg = Debug|Any CPU
		{2F697AB3-7488-452A-92DA-820AD8A41B58}.Debug|Any CPU.Build.0 = Debug|Any CPU
		{2F697AB3-7488-452A-92DA-820AD8A41B58}.Release|Any CPU.ActiveCfg = Release|Any CPU
		{2F697AB3-7488-452A-92DA-820AD8A41B58}.Release|Any CPU.Build.0 = Release|Any CPU
		{90439B18-2162-4BAA-950B-7C3B141D19B2}.Debug|Any CPU.ActiveCfg = Debug|Any CPU
		{90439B18-2162-4BAA-950B-7C3B141D19B2}.Debug|Any CPU.Build.0 = Debug|Any CPU
		{90439B18-2162-4BAA-950B-7C3B141D19B2}.Release|Any CPU.ActiveCfg = Release|Any CPU
		{90439B18-2162-4BAA-950B-7C3B141D19B2}.Release|Any CPU.Build.0 = Release|Any CPU
		{5B7C8D16-400D-474F-9F19-9F713F24D3BD}.Debug|Any CPU.ActiveCfg = Debug|Any CPU
		{5B7C8D16-400D-474F-9F19-9F713F24D3BD}.Debug|Any CPU.Build.0 = Debug|Any CPU
		{5B7C8D16-400D-474F-9F19-9F713F24D3BD}.Release|Any CPU.ActiveCfg = Release|Any CPU
		{5B7C8D16-400D-474F-9F19-9F713F24D3BD}.Release|Any CPU.Build.0 = Release|Any CPU
		{5DCED509-3B7F-4735-AC17-8D3AEF94DEFF}.Debug|Any CPU.ActiveCfg = Debug|Any CPU
		{5DCED509-3B7F-4735-AC17-8D3AEF94DEFF}.Debug|Any CPU.Build.0 = Debug|Any CPU
		{5DCED509-3B7F-4735-AC17-8D3AEF94DEFF}.Release|Any CPU.ActiveCfg = Release|Any CPU
		{5DCED509-3B7F-4735-AC17-8D3AEF94DEFF}.Release|Any CPU.Build.0 = Release|Any CPU
		{167F2A77-D0A7-4CEC-AA91-C52383E1514F}.Debug|Any CPU.ActiveCfg = Debug|Any CPU
		{167F2A77-D0A7-4CEC-AA91-C52383E1514F}.Debug|Any CPU.Build.0 = Debug|Any CPU
		{167F2A77-D0A7-4CEC-AA91-C52383E1514F}.Release|Any CPU.ActiveCfg = Release|Any CPU
		{167F2A77-D0A7-4CEC-AA91-C52383E1514F}.Release|Any CPU.Build.0 = Release|Any CPU
		{85569F85-A214-4308-A225-74E943CC65EC}.Debug|Any CPU.ActiveCfg = Debug|Any CPU
		{85569F85-A214-4308-A225-74E943CC65EC}.Debug|Any CPU.Build.0 = Debug|Any CPU
		{85569F85-A214-4308-A225-74E943CC65EC}.Release|Any CPU.ActiveCfg = Release|Any CPU
		{85569F85-A214-4308-A225-74E943CC65EC}.Release|Any CPU.Build.0 = Release|Any CPU
		{7D7A01AD-C9F0-413D-A9C9-C5CE0E50BF41}.Debug|Any CPU.ActiveCfg = Debug|Any CPU
		{7D7A01AD-C9F0-413D-A9C9-C5CE0E50BF41}.Debug|Any CPU.Build.0 = Debug|Any CPU
		{7D7A01AD-C9F0-413D-A9C9-C5CE0E50BF41}.Release|Any CPU.ActiveCfg = Release|Any CPU
		{7D7A01AD-C9F0-413D-A9C9-C5CE0E50BF41}.Release|Any CPU.Build.0 = Release|Any CPU
		{B48EF191-B8D4-4AA7-88D9-34A96D684454}.Debug|Any CPU.ActiveCfg = Debug|Any CPU
		{B48EF191-B8D4-4AA7-88D9-34A96D684454}.Debug|Any CPU.Build.0 = Debug|Any CPU
		{B48EF191-B8D4-4AA7-88D9-34A96D684454}.Release|Any CPU.ActiveCfg = Release|Any CPU
		{B48EF191-B8D4-4AA7-88D9-34A96D684454}.Release|Any CPU.Build.0 = Release|Any CPU
		{6CA1A449-C9AF-483A-81F4-428CD7674281}.Debug|Any CPU.ActiveCfg = Debug|Any CPU
		{6CA1A449-C9AF-483A-81F4-428CD7674281}.Debug|Any CPU.Build.0 = Debug|Any CPU
		{6CA1A449-C9AF-483A-81F4-428CD7674281}.Release|Any CPU.ActiveCfg = Release|Any CPU
		{6CA1A449-C9AF-483A-81F4-428CD7674281}.Release|Any CPU.Build.0 = Release|Any CPU
		{414A0939-6A47-417D-BDF6-EAA5BD0A14DA}.Debug|Any CPU.ActiveCfg = Debug|Any CPU
		{414A0939-6A47-417D-BDF6-EAA5BD0A14DA}.Debug|Any CPU.Build.0 = Debug|Any CPU
		{414A0939-6A47-417D-BDF6-EAA5BD0A14DA}.Release|Any CPU.ActiveCfg = Release|Any CPU
		{414A0939-6A47-417D-BDF6-EAA5BD0A14DA}.Release|Any CPU.Build.0 = Release|Any CPU
		{312CD3B7-AF0C-4A8C-9ADA-90A91FAA295E}.Debug|Any CPU.ActiveCfg = Debug|Any CPU
		{312CD3B7-AF0C-4A8C-9ADA-90A91FAA295E}.Debug|Any CPU.Build.0 = Debug|Any CPU
		{312CD3B7-AF0C-4A8C-9ADA-90A91FAA295E}.Release|Any CPU.ActiveCfg = Release|Any CPU
		{312CD3B7-AF0C-4A8C-9ADA-90A91FAA295E}.Release|Any CPU.Build.0 = Release|Any CPU
	EndGlobalSection
	GlobalSection(SolutionProperties) = preSolution
		HideSolutionNode = FALSE
	EndGlobalSection
	GlobalSection(ExtensibilityGlobals) = postSolution
		SolutionGuid = {377F072B-C43C-44EC-B772-ABBA5D96A9BE}
	EndGlobalSection
EndGlobal
